
Microsoft Visual Studio Solution File, Format Version 12.00
# Visual Studio 14
VisualStudioVersion = 14.0.25420.1
MinimumVisualStudioVersion = 10.0.40219.1
Project("{FAE04EC0-301F-11D3-BF4B-00C04F79EFBC}") = "01OddOrEven", "01OddOrEven\01OddOrEven.csproj", "{AF4654E8-F31A-4136-86F9-B453B454F072}"
EndProject
Project("{FAE04EC0-301F-11D3-BF4B-00C04F79EFBC}") = "02MoonGravity", "02MoonGravity\02MoonGravity.csproj", "{1059FBF9-1F20-4D56-820E-790157F53E07}"
EndProject
Project("{FAE04EC0-301F-11D3-BF4B-00C04F79EFBC}") = "03DevideBy7And5", "03DevideBy7And5\03DevideBy7And5.csproj", "{62FBDFD3-71D3-4BCF-B626-928CADBD335B}"
EndProject
Project("{FAE04EC0-301F-11D3-BF4B-00C04F79EFBC}") = "04Rectangles", "04Rectangles\04Rectangles.csproj", "{B668EAB1-7D83-45CE-95D2-B1BF8F4F1F90}"
EndProject
Project("{FAE04EC0-301F-11D3-BF4B-00C04F79EFBC}") = "05ThirdBit", "05ThirdBit\05ThirdBit.csproj", "{656F0944-2336-417F-9DE9-707E3C1A5114}"
EndProject
Project("{FAE04EC0-301F-11D3-BF4B-00C04F79EFBC}") = "07PointInACircle", "06PointInACircle\07PointInACircle.csproj", "{0BDFF058-CC14-426B-81B9-64B012FA08D5}"
EndProject
Project("{FAE04EC0-301F-11D3-BF4B-00C04F79EFBC}") = "06FourDigits", "06FourDigits\06FourDigits.csproj", "{81AE1345-D1FB-47C8-B7D9-BEA887616FA0}"
EndProject
Project("{FAE04EC0-301F-11D3-BF4B-00C04F79EFBC}") = "08PrimeCheck", "08PrimeCheck\08PrimeCheck.csproj", "{AFE993D9-FA14-404F-912B-50DE95439E79}"
EndProject
Project("{FAE04EC0-301F-11D3-BF4B-00C04F79EFBC}") = "09Trapezoids", "09Trapezoids\09Trapezoids.csproj", "{ADC4FD48-1D2B-4D05-B54C-1FB50AF91402}"
EndProject
Project("{FAE04EC0-301F-11D3-BF4B-00C04F79EFBC}") = "10PontCircleRactangle", "10PontCircleRactangle\10PontCircleRactangle.csproj", "{7C57E772-7437-4A4F-A451-7F2E6ECBA7C2}"
EndProject
Project("{FAE04EC0-301F-11D3-BF4B-00C04F79EFBC}") = "11ThirdBit", "113rdBit\11ThirdBit.csproj", "{CACA88D4-4B16-431D-A91A-5FDA47C041AF}"
EndProject
Project("{FAE04EC0-301F-11D3-BF4B-00C04F79EFBC}") = "12N-thBit", "12N-thBit\12N-thBit.csproj", "{A28DA5F5-1910-4DC5-8D39-4925F50A7848}"
EndProject
Project("{FAE04EC0-301F-11D3-BF4B-00C04F79EFBC}") = "13ModifyBit", "13ModifyBit\13ModifyBit.csproj", "{3DA8418C-974B-451D-84CC-33189BFF2104}"
EndProject
Project("{FAE04EC0-301F-11D3-BF4B-00C04F79EFBC}") = "14BitExchange", "14BitExchange\14BitExchange.csproj", "{105A57DA-D00B-470D-9F20-96F4520B3863}"
EndProject
Project("{FAE04EC0-301F-11D3-BF4B-00C04F79EFBC}") = "15BitSwap", "15BitSwap\15BitSwap.csproj", "{323B4953-8AE5-422B-9B91-226B221E3589}"
EndProject
Project("{FAE04EC0-301F-11D3-BF4B-00C04F79EFBC}") = "16CheckABitAtAGvvenPosition", "16CheckABitAtAGvvenPosition\16CheckABitAtAGvvenPosition.csproj", "{20EFCDD7-AFBD-44DC-BB88-ADE8563549F4}"
EndProject
Project("{FAE04EC0-301F-11D3-BF4B-00C04F79EFBC}") = "Practice", "Practice\Practice.csproj", "{A3F420F2-4B0F-45A5-A46C-9887AD5C5712}"
EndProject
Global
	GlobalSection(SolutionConfigurationPlatforms) = preSolution
		Debug|Any CPU = Debug|Any CPU
		Release|Any CPU = Release|Any CPU
	EndGlobalSection
	GlobalSection(ProjectConfigurationPlatforms) = postSolution
		{AF4654E8-F31A-4136-86F9-B453B454F072}.Debug|Any CPU.ActiveCfg = Debug|Any CPU
		{AF4654E8-F31A-4136-86F9-B453B454F072}.Debug|Any CPU.Build.0 = Debug|Any CPU
		{AF4654E8-F31A-4136-86F9-B453B454F072}.Release|Any CPU.ActiveCfg = Release|Any CPU
		{AF4654E8-F31A-4136-86F9-B453B454F072}.Release|Any CPU.Build.0 = Release|Any CPU
		{1059FBF9-1F20-4D56-820E-790157F53E07}.Debug|Any CPU.ActiveCfg = Debug|Any CPU
		{1059FBF9-1F20-4D56-820E-790157F53E07}.Debug|Any CPU.Build.0 = Debug|Any CPU
		{1059FBF9-1F20-4D56-820E-790157F53E07}.Release|Any CPU.ActiveCfg = Release|Any CPU
		{1059FBF9-1F20-4D56-820E-790157F53E07}.Release|Any CPU.Build.0 = Release|Any CPU
		{62FBDFD3-71D3-4BCF-B626-928CADBD335B}.Debug|Any CPU.ActiveCfg = Debug|Any CPU
		{62FBDFD3-71D3-4BCF-B626-928CADBD335B}.Debug|Any CPU.Build.0 = Debug|Any CPU
		{62FBDFD3-71D3-4BCF-B626-928CADBD335B}.Release|Any CPU.ActiveCfg = Release|Any CPU
		{62FBDFD3-71D3-4BCF-B626-928CADBD335B}.Release|Any CPU.Build.0 = Release|Any CPU
		{B668EAB1-7D83-45CE-95D2-B1BF8F4F1F90}.Debug|Any CPU.ActiveCfg = Debug|Any CPU
		{B668EAB1-7D83-45CE-95D2-B1BF8F4F1F90}.Debug|Any CPU.Build.0 = Debug|Any CPU
		{B668EAB1-7D83-45CE-95D2-B1BF8F4F1F90}.Release|Any CPU.ActiveCfg = Release|Any CPU
		{B668EAB1-7D83-45CE-95D2-B1BF8F4F1F90}.Release|Any CPU.Build.0 = Release|Any CPU
		{656F0944-2336-417F-9DE9-707E3C1A5114}.Debug|Any CPU.ActiveCfg = Debug|Any CPU
		{656F0944-2336-417F-9DE9-707E3C1A5114}.Debug|Any CPU.Build.0 = Debug|Any CPU
		{656F0944-2336-417F-9DE9-707E3C1A5114}.Release|Any CPU.ActiveCfg = Release|Any CPU
		{656F0944-2336-417F-9DE9-707E3C1A5114}.Release|Any CPU.Build.0 = Release|Any CPU
		{0BDFF058-CC14-426B-81B9-64B012FA08D5}.Debug|Any CPU.ActiveCfg = Debug|Any CPU
		{0BDFF058-CC14-426B-81B9-64B012FA08D5}.Debug|Any CPU.Build.0 = Debug|Any CPU
		{0BDFF058-CC14-426B-81B9-64B012FA08D5}.Release|Any CPU.ActiveCfg = Release|Any CPU
		{0BDFF058-CC14-426B-81B9-64B012FA08D5}.Release|Any CPU.Build.0 = Release|Any CPU
		{81AE1345-D1FB-47C8-B7D9-BEA887616FA0}.Debug|Any CPU.ActiveCfg = Debug|Any CPU
		{81AE1345-D1FB-47C8-B7D9-BEA887616FA0}.Debug|Any CPU.Build.0 = Debug|Any CPU
		{81AE1345-D1FB-47C8-B7D9-BEA887616FA0}.Release|Any CPU.ActiveCfg = Release|Any CPU
		{81AE1345-D1FB-47C8-B7D9-BEA887616FA0}.Release|Any CPU.Build.0 = Release|Any CPU
		{AFE993D9-FA14-404F-912B-50DE95439E79}.Debug|Any CPU.ActiveCfg = Debug|Any CPU
		{AFE993D9-FA14-404F-912B-50DE95439E79}.Debug|Any CPU.Build.0 = Debug|Any CPU
		{AFE993D9-FA14-404F-912B-50DE95439E79}.Release|Any CPU.ActiveCfg = Release|Any CPU
		{AFE993D9-FA14-404F-912B-50DE95439E79}.Release|Any CPU.Build.0 = Release|Any CPU
		{ADC4FD48-1D2B-4D05-B54C-1FB50AF91402}.Debug|Any CPU.ActiveCfg = Debug|Any CPU
		{ADC4FD48-1D2B-4D05-B54C-1FB50AF91402}.Debug|Any CPU.Build.0 = Debug|Any CPU
		{ADC4FD48-1D2B-4D05-B54C-1FB50AF91402}.Release|Any CPU.ActiveCfg = Release|Any CPU
		{ADC4FD48-1D2B-4D05-B54C-1FB50AF91402}.Release|Any CPU.Build.0 = Release|Any CPU
		{7C57E772-7437-4A4F-A451-7F2E6ECBA7C2}.Debug|Any CPU.ActiveCfg = Debug|Any CPU
		{7C57E772-7437-4A4F-A451-7F2E6ECBA7C2}.Debug|Any CPU.Build.0 = Debug|Any CPU
		{7C57E772-7437-4A4F-A451-7F2E6ECBA7C2}.Release|Any CPU.ActiveCfg = Release|Any CPU
		{7C57E772-7437-4A4F-A451-7F2E6ECBA7C2}.Release|Any CPU.Build.0 = Release|Any CPU
		{CACA88D4-4B16-431D-A91A-5FDA47C041AF}.Debug|Any CPU.ActiveCfg = Debug|Any CPU
		{CACA88D4-4B16-431D-A91A-5FDA47C041AF}.Debug|Any CPU.Build.0 = Debug|Any CPU
		{CACA88D4-4B16-431D-A91A-5FDA47C041AF}.Release|Any CPU.ActiveCfg = Release|Any CPU
		{CACA88D4-4B16-431D-A91A-5FDA47C041AF}.Release|Any CPU.Build.0 = Release|Any CPU
		{A28DA5F5-1910-4DC5-8D39-4925F50A7848}.Debug|Any CPU.ActiveCfg = Debug|Any CPU
		{A28DA5F5-1910-4DC5-8D39-4925F50A7848}.Debug|Any CPU.Build.0 = Debug|Any CPU
		{A28DA5F5-1910-4DC5-8D39-4925F50A7848}.Release|Any CPU.ActiveCfg = Release|Any CPU
		{A28DA5F5-1910-4DC5-8D39-4925F50A7848}.Release|Any CPU.Build.0 = Release|Any CPU
		{3DA8418C-974B-451D-84CC-33189BFF2104}.Debug|Any CPU.ActiveCfg = Debug|Any CPU
		{3DA8418C-974B-451D-84CC-33189BFF2104}.Debug|Any CPU.Build.0 = Debug|Any CPU
		{3DA8418C-974B-451D-84CC-33189BFF2104}.Release|Any CPU.ActiveCfg = Release|Any CPU
		{3DA8418C-974B-451D-84CC-33189BFF2104}.Release|Any CPU.Build.0 = Release|Any CPU
		{105A57DA-D00B-470D-9F20-96F4520B3863}.Debug|Any CPU.ActiveCfg = Debug|Any CPU
		{105A57DA-D00B-470D-9F20-96F4520B3863}.Debug|Any CPU.Build.0 = Debug|Any CPU
		{105A57DA-D00B-470D-9F20-96F4520B3863}.Release|Any CPU.ActiveCfg = Release|Any CPU
		{105A57DA-D00B-470D-9F20-96F4520B3863}.Release|Any CPU.Build.0 = Release|Any CPU
		{323B4953-8AE5-422B-9B91-226B221E3589}.Debug|Any CPU.ActiveCfg = Debug|Any CPU
		{323B4953-8AE5-422B-9B91-226B221E3589}.Debug|Any CPU.Build.0 = Debug|Any CPU
		{323B4953-8AE5-422B-9B91-226B221E3589}.Release|Any CPU.ActiveCfg = Release|Any CPU
		{323B4953-8AE5-422B-9B91-226B221E3589}.Release|Any CPU.Build.0 = Release|Any CPU
		{20EFCDD7-AFBD-44DC-BB88-ADE8563549F4}.Debug|Any CPU.ActiveCfg = Debug|Any CPU
		{20EFCDD7-AFBD-44DC-BB88-ADE8563549F4}.Debug|Any CPU.Build.0 = Debug|Any CPU
		{20EFCDD7-AFBD-44DC-BB88-ADE8563549F4}.Release|Any CPU.ActiveCfg = Release|Any CPU
		{20EFCDD7-AFBD-44DC-BB88-ADE8563549F4}.Release|Any CPU.Build.0 = Release|Any CPU
		{A3F420F2-4B0F-45A5-A46C-9887AD5C5712}.Debug|Any CPU.ActiveCfg = Debug|Any CPU
		{A3F420F2-4B0F-45A5-A46C-9887AD5C5712}.Debug|Any CPU.Build.0 = Debug|Any CPU
		{A3F420F2-4B0F-45A5-A46C-9887AD5C5712}.Release|Any CPU.ActiveCfg = Release|Any CPU
		{A3F420F2-4B0F-45A5-A46C-9887AD5C5712}.Release|Any CPU.Build.0 = Release|Any CPU
	EndGlobalSection
	GlobalSection(SolutionProperties) = preSolution
		HideSolutionNode = FALSE
	EndGlobalSection
EndGlobal
