
Microsoft Visual Studio Solution File, Format Version 12.00
# Visual Studio 14
VisualStudioVersion = 14.0.25420.1
MinimumVisualStudioVersion = 10.0.40219.1
Project("{FAE04EC0-301F-11D3-BF4B-00C04F79EFBC}") = "01.CartesianCoordinateSystem", "CSharpTestPractice2\01.CartesianCoordinateSystem.csproj", "{23A3337E-9857-45AF-B5C2-08B8B657C14C}"
EndProject
Project("{FAE04EC0-301F-11D3-BF4B-00C04F79EFBC}") = "02.MissCat2011", "02.MissCat2011\02.MissCat2011.csproj", "{BAE69CA4-0374-45D9-BA50-3EAB39FDEE8F}"
EndProject
Project("{FAE04EC0-301F-11D3-BF4B-00C04F79EFBC}") = "03.ForestRoad", "03.ForestRoad\03.ForestRoad.csproj", "{DAD9C7B2-DBE5-4DA3-9D02-819AFA22DEDB}"
EndProject
Project("{FAE04EC0-301F-11D3-BF4B-00C04F79EFBC}") = "04.BinaryDigitsCount", "04.BinaryDigitsCount\04.BinaryDigitsCount.csproj", "{886599D8-CD3E-466A-8BEA-01BF3E830A4F}"
EndProject
Project("{FAE04EC0-301F-11D3-BF4B-00C04F79EFBC}") = "05.SubsetSums", "05.SubsetSums\05.SubsetSums.csproj", "{1EE22B4B-C408-496C-AFD6-38D3AEBA2A10}"
EndProject
Project("{FAE04EC0-301F-11D3-BF4B-00C04F79EFBC}") = "06.Fall", "06.Fall\06.Fall.csproj", "{9B49B56C-B743-4954-9618-7D4B304AB5A7}"
EndProject
Project("{FAE04EC0-301F-11D3-BF4B-00C04F79EFBC}") = "07.CarpetsMatrix", "07.CarpetsMatrix\07.CarpetsMatrix.csproj", "{2EC68D72-9A84-4335-9ED8-6910C59AB089}"
EndProject
Project("{FAE04EC0-301F-11D3-BF4B-00C04F79EFBC}") = "08.TelerikLogo", "08.TelerikLogo\08.TelerikLogo.csproj", "{9C7FF441-D351-46E5-ABC4-7ADF41B7DF4B}"
EndProject
Project("{FAE04EC0-301F-11D3-BF4B-00C04F79EFBC}") = "09.FirTree", "08.FirTree\09.FirTree.csproj", "{5CEE0C15-7AE3-47DD-8D95-5D092CBC24DD}"
EndProject
Project("{FAE04EC0-301F-11D3-BF4B-00C04F79EFBC}") = "10.Spiral", "10.Spiral\10.Spiral.csproj", "{668D2D45-A336-46D3-A181-D494C6CED1A2}"
EndProject
Project("{FAE04EC0-301F-11D3-BF4B-00C04F79EFBC}") = "11.UKFlag", "11.UKFlag\11.UKFlag.csproj", "{773A9B65-71B1-4599-BB49-82B3FE7112DA}"
EndProject
Project("{FAE04EC0-301F-11D3-BF4B-00C04F79EFBC}") = "12.AngryBits", "12.AngryBits\12.AngryBits.csproj", "{C89185C0-CBBF-4D42-AF50-9E3B0258CDD9}"
EndProject
Project("{FAE04EC0-301F-11D3-BF4B-00C04F79EFBC}") = "13.BitBall", "13.BitBall\13.BitBall.csproj", "{334E6AD7-EAA0-4A21-BFEE-BF7AB48AFC1C}"
EndProject
Project("{FAE04EC0-301F-11D3-BF4B-00C04F79EFBC}") = "14.FormulaBit", "14.FormulaBit\14.FormulaBit.csproj", "{1E3C063C-D8C1-44A7-9AD0-65499A3EB950}"
EndProject
Project("{FAE04EC0-301F-11D3-BF4B-00C04F79EFBC}") = "15.Lines", "15.Lines\15.Lines.csproj", "{48F80D01-3E27-48AC-AA6D-703976FDEB19}"
EndProject
Project("{FAE04EC0-301F-11D3-BF4B-00C04F79EFBC}") = "16.Pillars", "16.Pillars\16.Pillars.csproj", "{C6E05141-44A4-4601-9AA2-89547E8CD0D4}"
EndProject
Project("{FAE04EC0-301F-11D3-BF4B-00C04F79EFBC}") = "17.SubsetSum", "17.SubsetSum\17.SubsetSum.csproj", "{9C8B0932-0764-4B3E-A74D-D62C99E5C4D0}"
EndProject
Project("{FAE04EC0-301F-11D3-BF4B-00C04F79EFBC}") = "18.DancingBits", "18.DancingBits\18.DancingBits.csproj", "{0456C82B-AB61-4AC6-80A3-DC9E3FB4022D}"
EndProject
Project("{FAE04EC0-301F-11D3-BF4B-00C04F79EFBC}") = "19.Sheets", "19.Sheets\19.Sheets.csproj", "{76E61D38-0800-45C8-B126-03FBD8372616}"
EndProject
Project("{FAE04EC0-301F-11D3-BF4B-00C04F79EFBC}") = "20.Sheets2", "20.Sheets2\20.Sheets2.csproj", "{5E6371FA-A906-417A-85F6-0E1DEF9360C2}"
EndProject
Project("{FAE04EC0-301F-11D3-BF4B-00C04F79EFBC}") = "21.OddNumbers", "21.OddNumbers\21.OddNumbers.csproj", "{71BC066C-1EFE-48E7-8D3F-616320E3E5D1}"
EndProject
Project("{FAE04EC0-301F-11D3-BF4B-00C04F79EFBC}") = "22.WeAllLoveBits", "22.WeAllLoveBits\22.WeAllLoveBits.csproj", "{8DCA9702-FC39-4E87-88FB-0EAEE1C25C7D}"
EndProject
Project("{FAE04EC0-301F-11D3-BF4B-00C04F79EFBC}") = "23.Tribonacci", "23.Tribonacci\23.Tribonacci.csproj", "{84E83152-EAAC-4B60-969D-1E2FCCC056ED}"
EndProject
Project("{FAE04EC0-301F-11D3-BF4B-00C04F79EFBC}") = "24.Quadronacci", "24.Quadronacci\24.Quadronacci.csproj", "{5677995A-D324-4185-9B9B-04625D678BEC}"
EndProject
Project("{FAE04EC0-301F-11D3-BF4B-00C04F79EFBC}") = "25.AstrologicalDigits", "25.AstrologicalDigits\25.AstrologicalDigits.csproj", "{E740621F-F76A-44BC-98C9-A5E1CF3F23B9}"
EndProject
Project("{FAE04EC0-301F-11D3-BF4B-00C04F79EFBC}") = "26.ANacci", "26.ANacci\26.ANacci.csproj", "{82C5D8DF-8298-4BB3-BF7E-3B42D0D86D3A}"
EndProject
Project("{FAE04EC0-301F-11D3-BF4B-00C04F79EFBC}") = "27.MathExpression", "27.MathExpression\27.MathExpression.csproj", "{ACA3B0D4-01CE-4D3C-A402-0611A314911F}"
EndProject
Project("{FAE04EC0-301F-11D3-BF4B-00C04F79EFBC}") = "28.SevenlandNumbers", "28.SevenlandNumbers\28.SevenlandNumbers.csproj", "{2AB66A59-5930-4A06-B874-8CFB4CCC9A5F}"
EndProject
Project("{FAE04EC0-301F-11D3-BF4B-00C04F79EFBC}") = "29.NextDate", "29.NextDate\29.NextDate.csproj", "{E9FF2C6D-E3A3-407E-9BCE-DE7F29A9FCB4}"
EndProject
Project("{FAE04EC0-301F-11D3-BF4B-00C04F79EFBC}") = "30.TripleRotationOfDigits", "30.TripleRotationOfDigits\30.TripleRotationOfDigits.csproj", "{8D34ED55-1589-4459-AD31-0B38041F43A9}"
EndProject
Project("{FAE04EC0-301F-11D3-BF4B-00C04F79EFBC}") = "31.Up-DownGame", "31.Up-DownGame\31.Up-DownGame.csproj", "{51C838F9-C342-46F5-B55A-03772DDEDC24}"
EndProject
Project("{FAE04EC0-301F-11D3-BF4B-00C04F79EFBC}") = "32.ShipDamage", "32.ShipDamage\32.ShipDamage.csproj", "{2D1E19B1-D8BF-49BF-BE27-5AE1E245BF75}"
EndProject
Project("{FAE04EC0-301F-11D3-BF4B-00C04F79EFBC}") = "33.FighterAttack", "33.FighterAttack\33.FighterAttack.csproj", "{F59A0C97-8835-4C4E-A4F1-030A00561FDB}"
EndProject
Global
	GlobalSection(SolutionConfigurationPlatforms) = preSolution
		Debug|Any CPU = Debug|Any CPU
		Release|Any CPU = Release|Any CPU
	EndGlobalSection
	GlobalSection(ProjectConfigurationPlatforms) = postSolution
		{23A3337E-9857-45AF-B5C2-08B8B657C14C}.Debug|Any CPU.ActiveCfg = Debug|Any CPU
		{23A3337E-9857-45AF-B5C2-08B8B657C14C}.Debug|Any CPU.Build.0 = Debug|Any CPU
		{23A3337E-9857-45AF-B5C2-08B8B657C14C}.Release|Any CPU.ActiveCfg = Release|Any CPU
		{23A3337E-9857-45AF-B5C2-08B8B657C14C}.Release|Any CPU.Build.0 = Release|Any CPU
		{BAE69CA4-0374-45D9-BA50-3EAB39FDEE8F}.Debug|Any CPU.ActiveCfg = Debug|Any CPU
		{BAE69CA4-0374-45D9-BA50-3EAB39FDEE8F}.Debug|Any CPU.Build.0 = Debug|Any CPU
		{BAE69CA4-0374-45D9-BA50-3EAB39FDEE8F}.Release|Any CPU.ActiveCfg = Release|Any CPU
		{BAE69CA4-0374-45D9-BA50-3EAB39FDEE8F}.Release|Any CPU.Build.0 = Release|Any CPU
		{DAD9C7B2-DBE5-4DA3-9D02-819AFA22DEDB}.Debug|Any CPU.ActiveCfg = Debug|Any CPU
		{DAD9C7B2-DBE5-4DA3-9D02-819AFA22DEDB}.Debug|Any CPU.Build.0 = Debug|Any CPU
		{DAD9C7B2-DBE5-4DA3-9D02-819AFA22DEDB}.Release|Any CPU.ActiveCfg = Release|Any CPU
		{DAD9C7B2-DBE5-4DA3-9D02-819AFA22DEDB}.Release|Any CPU.Build.0 = Release|Any CPU
		{886599D8-CD3E-466A-8BEA-01BF3E830A4F}.Debug|Any CPU.ActiveCfg = Debug|Any CPU
		{886599D8-CD3E-466A-8BEA-01BF3E830A4F}.Debug|Any CPU.Build.0 = Debug|Any CPU
		{886599D8-CD3E-466A-8BEA-01BF3E830A4F}.Release|Any CPU.ActiveCfg = Release|Any CPU
		{886599D8-CD3E-466A-8BEA-01BF3E830A4F}.Release|Any CPU.Build.0 = Release|Any CPU
		{1EE22B4B-C408-496C-AFD6-38D3AEBA2A10}.Debug|Any CPU.ActiveCfg = Debug|Any CPU
		{1EE22B4B-C408-496C-AFD6-38D3AEBA2A10}.Debug|Any CPU.Build.0 = Debug|Any CPU
		{1EE22B4B-C408-496C-AFD6-38D3AEBA2A10}.Release|Any CPU.ActiveCfg = Release|Any CPU
		{1EE22B4B-C408-496C-AFD6-38D3AEBA2A10}.Release|Any CPU.Build.0 = Release|Any CPU
		{9B49B56C-B743-4954-9618-7D4B304AB5A7}.Debug|Any CPU.ActiveCfg = Debug|Any CPU
		{9B49B56C-B743-4954-9618-7D4B304AB5A7}.Debug|Any CPU.Build.0 = Debug|Any CPU
		{9B49B56C-B743-4954-9618-7D4B304AB5A7}.Release|Any CPU.ActiveCfg = Release|Any CPU
		{9B49B56C-B743-4954-9618-7D4B304AB5A7}.Release|Any CPU.Build.0 = Release|Any CPU
		{2EC68D72-9A84-4335-9ED8-6910C59AB089}.Debug|Any CPU.ActiveCfg = Debug|Any CPU
		{2EC68D72-9A84-4335-9ED8-6910C59AB089}.Debug|Any CPU.Build.0 = Debug|Any CPU
		{2EC68D72-9A84-4335-9ED8-6910C59AB089}.Release|Any CPU.ActiveCfg = Release|Any CPU
		{2EC68D72-9A84-4335-9ED8-6910C59AB089}.Release|Any CPU.Build.0 = Release|Any CPU
		{9C7FF441-D351-46E5-ABC4-7ADF41B7DF4B}.Debug|Any CPU.ActiveCfg = Debug|Any CPU
		{9C7FF441-D351-46E5-ABC4-7ADF41B7DF4B}.Debug|Any CPU.Build.0 = Debug|Any CPU
		{9C7FF441-D351-46E5-ABC4-7ADF41B7DF4B}.Release|Any CPU.ActiveCfg = Release|Any CPU
		{9C7FF441-D351-46E5-ABC4-7ADF41B7DF4B}.Release|Any CPU.Build.0 = Release|Any CPU
		{5CEE0C15-7AE3-47DD-8D95-5D092CBC24DD}.Debug|Any CPU.ActiveCfg = Debug|Any CPU
		{5CEE0C15-7AE3-47DD-8D95-5D092CBC24DD}.Debug|Any CPU.Build.0 = Debug|Any CPU
		{5CEE0C15-7AE3-47DD-8D95-5D092CBC24DD}.Release|Any CPU.ActiveCfg = Release|Any CPU
		{5CEE0C15-7AE3-47DD-8D95-5D092CBC24DD}.Release|Any CPU.Build.0 = Release|Any CPU
		{668D2D45-A336-46D3-A181-D494C6CED1A2}.Debug|Any CPU.ActiveCfg = Debug|Any CPU
		{668D2D45-A336-46D3-A181-D494C6CED1A2}.Debug|Any CPU.Build.0 = Debug|Any CPU
		{668D2D45-A336-46D3-A181-D494C6CED1A2}.Release|Any CPU.ActiveCfg = Release|Any CPU
		{668D2D45-A336-46D3-A181-D494C6CED1A2}.Release|Any CPU.Build.0 = Release|Any CPU
		{773A9B65-71B1-4599-BB49-82B3FE7112DA}.Debug|Any CPU.ActiveCfg = Debug|Any CPU
		{773A9B65-71B1-4599-BB49-82B3FE7112DA}.Debug|Any CPU.Build.0 = Debug|Any CPU
		{773A9B65-71B1-4599-BB49-82B3FE7112DA}.Release|Any CPU.ActiveCfg = Release|Any CPU
		{773A9B65-71B1-4599-BB49-82B3FE7112DA}.Release|Any CPU.Build.0 = Release|Any CPU
		{C89185C0-CBBF-4D42-AF50-9E3B0258CDD9}.Debug|Any CPU.ActiveCfg = Debug|Any CPU
		{C89185C0-CBBF-4D42-AF50-9E3B0258CDD9}.Debug|Any CPU.Build.0 = Debug|Any CPU
		{C89185C0-CBBF-4D42-AF50-9E3B0258CDD9}.Release|Any CPU.ActiveCfg = Release|Any CPU
		{C89185C0-CBBF-4D42-AF50-9E3B0258CDD9}.Release|Any CPU.Build.0 = Release|Any CPU
		{334E6AD7-EAA0-4A21-BFEE-BF7AB48AFC1C}.Debug|Any CPU.ActiveCfg = Debug|Any CPU
		{334E6AD7-EAA0-4A21-BFEE-BF7AB48AFC1C}.Debug|Any CPU.Build.0 = Debug|Any CPU
		{334E6AD7-EAA0-4A21-BFEE-BF7AB48AFC1C}.Release|Any CPU.ActiveCfg = Release|Any CPU
		{334E6AD7-EAA0-4A21-BFEE-BF7AB48AFC1C}.Release|Any CPU.Build.0 = Release|Any CPU
		{1E3C063C-D8C1-44A7-9AD0-65499A3EB950}.Debug|Any CPU.ActiveCfg = Debug|Any CPU
		{1E3C063C-D8C1-44A7-9AD0-65499A3EB950}.Debug|Any CPU.Build.0 = Debug|Any CPU
		{1E3C063C-D8C1-44A7-9AD0-65499A3EB950}.Release|Any CPU.ActiveCfg = Release|Any CPU
		{1E3C063C-D8C1-44A7-9AD0-65499A3EB950}.Release|Any CPU.Build.0 = Release|Any CPU
		{48F80D01-3E27-48AC-AA6D-703976FDEB19}.Debug|Any CPU.ActiveCfg = Debug|Any CPU
		{48F80D01-3E27-48AC-AA6D-703976FDEB19}.Debug|Any CPU.Build.0 = Debug|Any CPU
		{48F80D01-3E27-48AC-AA6D-703976FDEB19}.Release|Any CPU.ActiveCfg = Release|Any CPU
		{48F80D01-3E27-48AC-AA6D-703976FDEB19}.Release|Any CPU.Build.0 = Release|Any CPU
		{C6E05141-44A4-4601-9AA2-89547E8CD0D4}.Debug|Any CPU.ActiveCfg = Debug|Any CPU
		{C6E05141-44A4-4601-9AA2-89547E8CD0D4}.Debug|Any CPU.Build.0 = Debug|Any CPU
		{C6E05141-44A4-4601-9AA2-89547E8CD0D4}.Release|Any CPU.ActiveCfg = Release|Any CPU
		{C6E05141-44A4-4601-9AA2-89547E8CD0D4}.Release|Any CPU.Build.0 = Release|Any CPU
		{9C8B0932-0764-4B3E-A74D-D62C99E5C4D0}.Debug|Any CPU.ActiveCfg = Debug|Any CPU
		{9C8B0932-0764-4B3E-A74D-D62C99E5C4D0}.Debug|Any CPU.Build.0 = Debug|Any CPU
		{9C8B0932-0764-4B3E-A74D-D62C99E5C4D0}.Release|Any CPU.ActiveCfg = Release|Any CPU
		{9C8B0932-0764-4B3E-A74D-D62C99E5C4D0}.Release|Any CPU.Build.0 = Release|Any CPU
		{0456C82B-AB61-4AC6-80A3-DC9E3FB4022D}.Debug|Any CPU.ActiveCfg = Debug|Any CPU
		{0456C82B-AB61-4AC6-80A3-DC9E3FB4022D}.Debug|Any CPU.Build.0 = Debug|Any CPU
		{0456C82B-AB61-4AC6-80A3-DC9E3FB4022D}.Release|Any CPU.ActiveCfg = Release|Any CPU
		{0456C82B-AB61-4AC6-80A3-DC9E3FB4022D}.Release|Any CPU.Build.0 = Release|Any CPU
		{76E61D38-0800-45C8-B126-03FBD8372616}.Debug|Any CPU.ActiveCfg = Debug|Any CPU
		{76E61D38-0800-45C8-B126-03FBD8372616}.Debug|Any CPU.Build.0 = Debug|Any CPU
		{76E61D38-0800-45C8-B126-03FBD8372616}.Release|Any CPU.ActiveCfg = Release|Any CPU
		{76E61D38-0800-45C8-B126-03FBD8372616}.Release|Any CPU.Build.0 = Release|Any CPU
		{5E6371FA-A906-417A-85F6-0E1DEF9360C2}.Debug|Any CPU.ActiveCfg = Debug|Any CPU
		{5E6371FA-A906-417A-85F6-0E1DEF9360C2}.Debug|Any CPU.Build.0 = Debug|Any CPU
		{5E6371FA-A906-417A-85F6-0E1DEF9360C2}.Release|Any CPU.ActiveCfg = Release|Any CPU
		{5E6371FA-A906-417A-85F6-0E1DEF9360C2}.Release|Any CPU.Build.0 = Release|Any CPU
		{71BC066C-1EFE-48E7-8D3F-616320E3E5D1}.Debug|Any CPU.ActiveCfg = Debug|Any CPU
		{71BC066C-1EFE-48E7-8D3F-616320E3E5D1}.Debug|Any CPU.Build.0 = Debug|Any CPU
		{71BC066C-1EFE-48E7-8D3F-616320E3E5D1}.Release|Any CPU.ActiveCfg = Release|Any CPU
		{71BC066C-1EFE-48E7-8D3F-616320E3E5D1}.Release|Any CPU.Build.0 = Release|Any CPU
		{8DCA9702-FC39-4E87-88FB-0EAEE1C25C7D}.Debug|Any CPU.ActiveCfg = Debug|Any CPU
		{8DCA9702-FC39-4E87-88FB-0EAEE1C25C7D}.Debug|Any CPU.Build.0 = Debug|Any CPU
		{8DCA9702-FC39-4E87-88FB-0EAEE1C25C7D}.Release|Any CPU.ActiveCfg = Release|Any CPU
		{8DCA9702-FC39-4E87-88FB-0EAEE1C25C7D}.Release|Any CPU.Build.0 = Release|Any CPU
		{84E83152-EAAC-4B60-969D-1E2FCCC056ED}.Debug|Any CPU.ActiveCfg = Debug|Any CPU
		{84E83152-EAAC-4B60-969D-1E2FCCC056ED}.Debug|Any CPU.Build.0 = Debug|Any CPU
		{84E83152-EAAC-4B60-969D-1E2FCCC056ED}.Release|Any CPU.ActiveCfg = Release|Any CPU
		{84E83152-EAAC-4B60-969D-1E2FCCC056ED}.Release|Any CPU.Build.0 = Release|Any CPU
		{5677995A-D324-4185-9B9B-04625D678BEC}.Debug|Any CPU.ActiveCfg = Debug|Any CPU
		{5677995A-D324-4185-9B9B-04625D678BEC}.Debug|Any CPU.Build.0 = Debug|Any CPU
		{5677995A-D324-4185-9B9B-04625D678BEC}.Release|Any CPU.ActiveCfg = Release|Any CPU
		{5677995A-D324-4185-9B9B-04625D678BEC}.Release|Any CPU.Build.0 = Release|Any CPU
		{E740621F-F76A-44BC-98C9-A5E1CF3F23B9}.Debug|Any CPU.ActiveCfg = Debug|Any CPU
		{E740621F-F76A-44BC-98C9-A5E1CF3F23B9}.Debug|Any CPU.Build.0 = Debug|Any CPU
		{E740621F-F76A-44BC-98C9-A5E1CF3F23B9}.Release|Any CPU.ActiveCfg = Release|Any CPU
		{E740621F-F76A-44BC-98C9-A5E1CF3F23B9}.Release|Any CPU.Build.0 = Release|Any CPU
		{82C5D8DF-8298-4BB3-BF7E-3B42D0D86D3A}.Debug|Any CPU.ActiveCfg = Debug|Any CPU
		{82C5D8DF-8298-4BB3-BF7E-3B42D0D86D3A}.Debug|Any CPU.Build.0 = Debug|Any CPU
		{82C5D8DF-8298-4BB3-BF7E-3B42D0D86D3A}.Release|Any CPU.ActiveCfg = Release|Any CPU
		{82C5D8DF-8298-4BB3-BF7E-3B42D0D86D3A}.Release|Any CPU.Build.0 = Release|Any CPU
		{ACA3B0D4-01CE-4D3C-A402-0611A314911F}.Debug|Any CPU.ActiveCfg = Debug|Any CPU
		{ACA3B0D4-01CE-4D3C-A402-0611A314911F}.Debug|Any CPU.Build.0 = Debug|Any CPU
		{ACA3B0D4-01CE-4D3C-A402-0611A314911F}.Release|Any CPU.ActiveCfg = Release|Any CPU
		{ACA3B0D4-01CE-4D3C-A402-0611A314911F}.Release|Any CPU.Build.0 = Release|Any CPU
		{2AB66A59-5930-4A06-B874-8CFB4CCC9A5F}.Debug|Any CPU.ActiveCfg = Debug|Any CPU
		{2AB66A59-5930-4A06-B874-8CFB4CCC9A5F}.Debug|Any CPU.Build.0 = Debug|Any CPU
		{2AB66A59-5930-4A06-B874-8CFB4CCC9A5F}.Release|Any CPU.ActiveCfg = Release|Any CPU
		{2AB66A59-5930-4A06-B874-8CFB4CCC9A5F}.Release|Any CPU.Build.0 = Release|Any CPU
		{E9FF2C6D-E3A3-407E-9BCE-DE7F29A9FCB4}.Debug|Any CPU.ActiveCfg = Debug|Any CPU
		{E9FF2C6D-E3A3-407E-9BCE-DE7F29A9FCB4}.Debug|Any CPU.Build.0 = Debug|Any CPU
		{E9FF2C6D-E3A3-407E-9BCE-DE7F29A9FCB4}.Release|Any CPU.ActiveCfg = Release|Any CPU
		{E9FF2C6D-E3A3-407E-9BCE-DE7F29A9FCB4}.Release|Any CPU.Build.0 = Release|Any CPU
		{8D34ED55-1589-4459-AD31-0B38041F43A9}.Debug|Any CPU.ActiveCfg = Debug|Any CPU
		{8D34ED55-1589-4459-AD31-0B38041F43A9}.Debug|Any CPU.Build.0 = Debug|Any CPU
		{8D34ED55-1589-4459-AD31-0B38041F43A9}.Release|Any CPU.ActiveCfg = Release|Any CPU
		{8D34ED55-1589-4459-AD31-0B38041F43A9}.Release|Any CPU.Build.0 = Release|Any CPU
		{51C838F9-C342-46F5-B55A-03772DDEDC24}.Debug|Any CPU.ActiveCfg = Debug|Any CPU
		{51C838F9-C342-46F5-B55A-03772DDEDC24}.Debug|Any CPU.Build.0 = Debug|Any CPU
		{51C838F9-C342-46F5-B55A-03772DDEDC24}.Release|Any CPU.ActiveCfg = Release|Any CPU
		{51C838F9-C342-46F5-B55A-03772DDEDC24}.Release|Any CPU.Build.0 = Release|Any CPU
		{2D1E19B1-D8BF-49BF-BE27-5AE1E245BF75}.Debug|Any CPU.ActiveCfg = Debug|Any CPU
		{2D1E19B1-D8BF-49BF-BE27-5AE1E245BF75}.Debug|Any CPU.Build.0 = Debug|Any CPU
		{2D1E19B1-D8BF-49BF-BE27-5AE1E245BF75}.Release|Any CPU.ActiveCfg = Release|Any CPU
		{2D1E19B1-D8BF-49BF-BE27-5AE1E245BF75}.Release|Any CPU.Build.0 = Release|Any CPU
		{F59A0C97-8835-4C4E-A4F1-030A00561FDB}.Debug|Any CPU.ActiveCfg = Debug|Any CPU
		{F59A0C97-8835-4C4E-A4F1-030A00561FDB}.Debug|Any CPU.Build.0 = Debug|Any CPU
		{F59A0C97-8835-4C4E-A4F1-030A00561FDB}.Release|Any CPU.ActiveCfg = Release|Any CPU
		{F59A0C97-8835-4C4E-A4F1-030A00561FDB}.Release|Any CPU.Build.0 = Release|Any CPU
	EndGlobalSection
	GlobalSection(SolutionProperties) = preSolution
		HideSolutionNode = FALSE
	EndGlobalSection
EndGlobal
